{
  "name": "crypto_wallet",
  "lockfileVersion": 2,
  "requires": true,
  "packages": {
    "": {
      "name": "crypto_wallet",
      "dependencies": {
        "@popperjs/core": "^2.11.6",
        "bootstrap": "^5.2.3",
        "yarn": "^1.10.1"
      }
    },
    "node_modules/@popperjs/core": {
      "version": "2.11.6",
      "resolved": "https://registry.npmjs.org/@popperjs/core/-/core-2.11.6.tgz",
      "integrity": "sha512-50/17A98tWUfQ176raKiOGXuYpLyyVMkxxG6oylzL3BPOlA6ADGdK7EYunSa4I064xerltq9TGXs8HmOk5E+vw==",
      "funding": {
        "type": "opencollective",
        "url": "https://opencollective.com/popperjs"
      }
    },
    "node_modules/bootstrap": {
      "version": "5.2.3",
      "resolved": "https://registry.npmjs.org/bootstrap/-/bootstrap-5.2.3.tgz",
      "integrity": "sha512-cEKPM+fwb3cT8NzQZYEu4HilJ3anCrWqh3CHAok1p9jXqMPsPTBhU25fBckEJHJ/p+tTxTFTsFQGM+gaHpi3QQ==",
      "funding": [
        {
          "type": "github",
          "url": "https://github.com/sponsors/twbs"
        },
        {
          "type": "opencollective",
          "url": "https://opencollective.com/bootstrap"
        }
      ],
      "peerDependencies": {
        "@popperjs/core": "^2.11.6"
      }
    },
    "node_modules/yarn": {
      "version": "1.10.1",
      "resolved": "https://registry.npmjs.org/yarn/-/yarn-1.10.1.tgz",
      "integrity": "sha512-EH0H1fyfFxkE4UpG4b+VCaVY4I488I2EyQNmGjGGKmvsSIb0G3b+1IcfGYPI2gqa1du43g4ZA3jH8fXlq6oVxg==",
      "bin": {
        "yarn": "bin/yarn.js",
        "yarnpkg": "bin/yarn.js"
      },
      "engines": {
        "node": ">=4.0.0"
      }
    }
  },
  "dependencies": {
    "@popperjs/core": {
      "version": "2.11.6",
      "resolved": "https://registry.npmjs.org/@popperjs/core/-/core-2.11.6.tgz",
      "integrity": "sha512-50/17A98tWUfQ176raKiOGXuYpLyyVMkxxG6oylzL3BPOlA6ADGdK7EYunSa4I064xerltq9TGXs8HmOk5E+vw=="
    },
    "bootstrap": {
      "version": "5.2.3",
      "resolved": "https://registry.npmjs.org/bootstrap/-/bootstrap-5.2.3.tgz",
      "integrity": "sha512-cEKPM+fwb3cT8NzQZYEu4HilJ3anCrWqh3CHAok1p9jXqMPsPTBhU25fBckEJHJ/p+tTxTFTsFQGM+gaHpi3QQ==",
      "requires": {}
    },
    "yarn": {
      "version": "1.10.1",
      "resolved": "https://registry.npmjs.org/yarn/-/yarn-1.10.1.tgz",
      "integrity": "sha512-EH0H1fyfFxkE4UpG4b+VCaVY4I488I2EyQNmGjGGKmvsSIb0G3b+1IcfGYPI2gqa1du43g4ZA3jH8fXlq6oVxg=="
    }
  }
}
