# This file is generated by running "yarn install" inside your project.
# Manual changes might be lost - proceed with caution!

__metadata:
  version: 6
  cacheKey: 8

"@popperjs/core@npm:^2.11.6":
  version: 2.11.6
  resolution: "@popperjs/core@npm:2.11.6"
  checksum: 47fb328cec1924559d759b48235c78574f2d71a8a6c4c03edb6de5d7074078371633b91e39bbf3f901b32aa8af9b9d8f82834856d2f5737a23475036b16817f0
  languageName: node
  linkType: hard

"bootstrap@npm:^5.2.3":
  version: 5.2.3
  resolution: "bootstrap@npm:5.2.3"
  peerDependencies:
    "@popperjs/core": ^2.11.6
  checksum: 0211805dec6a190c0911d142966df30fdb4b4139a04cc6c23dd83c6045ea3cb0a966b360ab2e701e7b3ad96ff01e05fdc0914be97b41bd876b11e457a8bdc6a3
  languageName: node
  linkType: hard

"crypto_wallet@workspace:.":
  version: 0.0.0-use.local
  resolution: "crypto_wallet@workspace:."
  dependencies:
    "@popperjs/core": ^2.11.6
    bootstrap: ^5.2.3
    yarn: ^1.10.1
  languageName: unknown
  linkType: soft

"yarn@npm:^1.10.1":
  version: 1.10.1
  resolution: "yarn@npm:1.10.1"
  bin:
    yarn: ./bin/yarn.js
    yarnpkg: ./bin/yarn.js
  checksum: bbb0ca42db782dc5579910729d0eb985b3b0f77f6508beab442a7bf10ec1191ba0b6ede25da87c45f5d58f5e00e267618f0bbe0787c6d0f3c3229f17c99ebad8
  languageName: node
  linkType: hard
